
Microsoft Visual Studio Solution File, Format Version 12.00
# Visual Studio Version 16
VisualStudioVersion = 16.0.29424.173
MinimumVisualStudioVersion = 10.0.40219.1
Project("{FAE04EC0-301F-11D3-BF4B-00C04F79EFBC}") = "EmpApiCrud.Api", "EmpApiCrud.Api\EmpApiCrud.Api.csproj", "{5F44B6BA-36AC-439C-99EB-E8CEA876857B}"
EndProject
Project("{FAE04EC0-301F-11D3-BF4B-00C04F79EFBC}") = "EmpApiCrud.DataAccess", "EmpApiCrud.DataAccess\EmpApiCrud.DataAccess.csproj", "{35D135C1-EF09-433D-93CA-2F9F63642B73}"
EndProject
Project("{FAE04EC0-301F-11D3-BF4B-00C04F79EFBC}") = "EmpApiCrud.BusinessObjects", "EmpApiCrud.BusinessObjects\EmpApiCrud.BusinessObjects.csproj", "{ADC4CD6C-31AD-492F-BDD3-21C9DA6CC8DF}"
EndProject
Global
	GlobalSection(SolutionConfigurationPlatforms) = preSolution
		Debug|Any CPU = Debug|Any CPU
		Release|Any CPU = Release|Any CPU
	EndGlobalSection
	GlobalSection(ProjectConfigurationPlatforms) = postSolution
		{5F44B6BA-36AC-439C-99EB-E8CEA876857B}.Debug|Any CPU.ActiveCfg = Debug|Any CPU
		{5F44B6BA-36AC-439C-99EB-E8CEA876857B}.Debug|Any CPU.Build.0 = Debug|Any CPU
		{5F44B6BA-36AC-439C-99EB-E8CEA876857B}.Release|Any CPU.ActiveCfg = Release|Any CPU
		{5F44B6BA-36AC-439C-99EB-E8CEA876857B}.Release|Any CPU.Build.0 = Release|Any CPU
		{35D135C1-EF09-433D-93CA-2F9F63642B73}.Debug|Any CPU.ActiveCfg = Debug|Any CPU
		{35D135C1-EF09-433D-93CA-2F9F63642B73}.Debug|Any CPU.Build.0 = Debug|Any CPU
		{35D135C1-EF09-433D-93CA-2F9F63642B73}.Release|Any CPU.ActiveCfg = Release|Any CPU
		{35D135C1-EF09-433D-93CA-2F9F63642B73}.Release|Any CPU.Build.0 = Release|Any CPU
		{ADC4CD6C-31AD-492F-BDD3-21C9DA6CC8DF}.Debug|Any CPU.ActiveCfg = Debug|Any CPU
		{ADC4CD6C-31AD-492F-BDD3-21C9DA6CC8DF}.Debug|Any CPU.Build.0 = Debug|Any CPU
		{ADC4CD6C-31AD-492F-BDD3-21C9DA6CC8DF}.Release|Any CPU.ActiveCfg = Release|Any CPU
		{ADC4CD6C-31AD-492F-BDD3-21C9DA6CC8DF}.Release|Any CPU.Build.0 = Release|Any CPU
	EndGlobalSection
	GlobalSection(SolutionProperties) = preSolution
		HideSolutionNode = FALSE
	EndGlobalSection
	GlobalSection(ExtensibilityGlobals) = postSolution
		SolutionGuid = {3D077B52-E074-44AA-B063-47BD279A55BE}
	EndGlobalSection
EndGlobal
